
Microsoft Visual Studio Solution File, Format Version 12.00
# Visual Studio Version 16
VisualStudioVersion = 16.0.31702.278
MinimumVisualStudioVersion = 10.0.40219.1
Project("{FAE04EC0-301F-11D3-BF4B-00C04F79EFBC}") = "CICD Test", "CICD Test\CICD Test.csproj", "{EC815E08-C0B0-46D0-90E6-6B7C9F659712}"
EndProject
Global
	GlobalSection(SolutionConfigurationPlatforms) = preSolution
		Debug|Any CPU = Debug|Any CPU
		Release|Any CPU = Release|Any CPU
	EndGlobalSection
	GlobalSection(ProjectConfigurationPlatforms) = postSolution
		{EC815E08-C0B0-46D0-90E6-6B7C9F659712}.Debug|Any CPU.ActiveCfg = Debug|Any CPU
		{EC815E08-C0B0-46D0-90E6-6B7C9F659712}.Debug|Any CPU.Build.0 = Debug|Any CPU
		{EC815E08-C0B0-46D0-90E6-6B7C9F659712}.Release|Any CPU.ActiveCfg = Release|Any CPU
		{EC815E08-C0B0-46D0-90E6-6B7C9F659712}.Release|Any CPU.Build.0 = Release|Any CPU
	EndGlobalSection
	GlobalSection(SolutionProperties) = preSolution
		HideSolutionNode = FALSE
	EndGlobalSection
	GlobalSection(ExtensibilityGlobals) = postSolution
		SolutionGuid = {D1F64825-510F-4BDC-BE2F-BA015B743D48}
	EndGlobalSection
EndGlobal
